
Microsoft Visual Studio Solution File, Format Version 12.00
# Visual Studio Version 16
VisualStudioVersion = 16.0.30523.141
MinimumVisualStudioVersion = 10.0.40219.1
Project("{FAE04EC0-301F-11D3-BF4B-00C04F79EFBC}") = "snake", "snake\snake.csproj", "{40BCC07E-A402-4EE3-9A62-DB21484747B2}"
EndProject
Global
	GlobalSection(SolutionConfigurationPlatforms) = preSolution
		Debug|Any CPU = Debug|Any CPU
		Release|Any CPU = Release|Any CPU
	EndGlobalSection
	GlobalSection(ProjectConfigurationPlatforms) = postSolution
		{40BCC07E-A402-4EE3-9A62-DB21484747B2}.Debug|Any CPU.ActiveCfg = Debug|Any CPU
		{40BCC07E-A402-4EE3-9A62-DB21484747B2}.Debug|Any CPU.Build.0 = Debug|Any CPU
		{40BCC07E-A402-4EE3-9A62-DB21484747B2}.Release|Any CPU.ActiveCfg = Release|Any CPU
		{40BCC07E-A402-4EE3-9A62-DB21484747B2}.Release|Any CPU.Build.0 = Release|Any CPU
	EndGlobalSection
	GlobalSection(SolutionProperties) = preSolution
		HideSolutionNode = FALSE
	EndGlobalSection
	GlobalSection(ExtensibilityGlobals) = postSolution
		SolutionGuid = {B9294BA9-A9D7-4F8D-BDD4-A5AF1A904A9B}
	EndGlobalSection
EndGlobal
