
Microsoft Visual Studio Solution File, Format Version 12.00
# Visual Studio Version 16
VisualStudioVersion = 16.0.31005.135
MinimumVisualStudioVersion = 10.0.40219.1
Project("{FAE04EC0-301F-11D3-BF4B-00C04F79EFBC}") = "TableBusWinForms", "TableBusWinForms\TableBusWinForms.csproj", "{7E8F81BD-CCC1-4F7A-9D20-42288D9E9D01}"
EndProject
Project("{FAE04EC0-301F-11D3-BF4B-00C04F79EFBC}") = "LibraryController", "LibraryController\LibraryController.csproj", "{8F6B55FA-A261-4F6F-98A0-CC620C612898}"
EndProject
Global
	GlobalSection(SolutionConfigurationPlatforms) = preSolution
		Debug|Any CPU = Debug|Any CPU
		Release|Any CPU = Release|Any CPU
	EndGlobalSection
	GlobalSection(ProjectConfigurationPlatforms) = postSolution
		{7E8F81BD-CCC1-4F7A-9D20-42288D9E9D01}.Debug|Any CPU.ActiveCfg = Debug|Any CPU
		{7E8F81BD-CCC1-4F7A-9D20-42288D9E9D01}.Debug|Any CPU.Build.0 = Debug|Any CPU
		{7E8F81BD-CCC1-4F7A-9D20-42288D9E9D01}.Release|Any CPU.ActiveCfg = Release|Any CPU
		{7E8F81BD-CCC1-4F7A-9D20-42288D9E9D01}.Release|Any CPU.Build.0 = Release|Any CPU
		{8F6B55FA-A261-4F6F-98A0-CC620C612898}.Debug|Any CPU.ActiveCfg = Debug|Any CPU
		{8F6B55FA-A261-4F6F-98A0-CC620C612898}.Debug|Any CPU.Build.0 = Debug|Any CPU
		{8F6B55FA-A261-4F6F-98A0-CC620C612898}.Release|Any CPU.ActiveCfg = Release|Any CPU
		{8F6B55FA-A261-4F6F-98A0-CC620C612898}.Release|Any CPU.Build.0 = Release|Any CPU
	EndGlobalSection
	GlobalSection(SolutionProperties) = preSolution
		HideSolutionNode = FALSE
	EndGlobalSection
	GlobalSection(ExtensibilityGlobals) = postSolution
		SolutionGuid = {8F031306-D367-492D-B3B0-ACACF349581E}
	EndGlobalSection
EndGlobal
